github.com/steve148/advent-of-code-2021/day4 v0.0.0-20211229222139-3657db7dc6c4 h1:sa/WiE3uYMyos3CVp7kphncqxJ2ssiVXNjbLDkhUInU=
github.com/steve148/advent-of-code-2021/day4 v0.0.0-20211229222139-3657db7dc6c4/go.mod h1:JSGxZyQJiOa8DegLWQ4b7tJ/ZH+N2IKfchcLL5T3fxM=
github.com/steve148/advent-of-code-2021/day4 v0.0.0-20211229222332-54e3a202e14e h1:xoEzrEmh+aoR14Fr56J3poQ9Lb17nLwPbjljMxgEPzw=
github.com/steve148/advent-of-code-2021/day4 v0.0.0-20211229222332-54e3a202e14e/go.mod h1:JSGxZyQJiOa8DegLWQ4b7tJ/ZH+N2IKfchcLL5T3fxM=
github.com/steve148/advent-of-code-2021/day5 v0.0.0-20211229220039-b6d6cab8af99 h1:jR98ioJSPkOnd9Eu+WZ9zW+pgcouhqhxlw6yNJP6+Wc=
github.com/steve148/advent-of-code-2021/day5 v0.0.0-20211229220039-b6d6cab8af99/go.mod h1:AARUapvpQ7LQQL/9DAVCpQFh6W43rfy19w3CF5p1ses=
github.com/steve148/advent-of-code-2021/day6 v0.0.0-20211229222651-d7e270f4b4e0 h1:1j0sWMcUfg98yfpM/FVy9o0dbKV/gGuPBnDjYkCVDek=
github.com/steve148/advent-of-code-2021/day6 v0.0.0-20211229222651-d7e270f4b4e0/go.mod h1:c8Eq7Rd3ITem4glv5Mn+bmTjSnBcnehn83vwy3FMpfQ=
github.com/steve148/advent-of-code-2021/day7 v0.0.0-20211230012304-6dc72d4956dc h1:8t//MX69UVWIfQrOfE3ZwfKmsjBRPZbul1Yxakpqbcg=
github.com/steve148/advent-of-code-2021/day7 v0.0.0-20211230012304-6dc72d4956dc/go.mod h1:oRTe+C1RgjML9cI8hudlV2n1jEp5vf1VlZo7zgzb+Ug=
github.com/steve148/advent-of-code-2021/day8 v0.0.0-20211230020743-2e957b0674b4 h1:JFdeQuMzgUnpx+SdGcq8qMv+BNTRni6JaN6F6HfbL5E=
github.com/steve148/advent-of-code-2021/day8 v0.0.0-20211230020743-2e957b0674b4/go.mod h1:dKMmINhX+vaEgU7f01k62ku7w6adGi8kKcM8IJ/LqBE=
